PODS:
  - Capacitor (1.0.0-beta.13):
    - CapacitorCordova (= 1.0.0-beta.13)
  - CapacitorCordova (1.0.0-beta.13)
  - TwilioVideo (2.6.0)

DEPENDENCIES:
  - Capacitor
  - Capacitor (= 1.0.0-beta.13)
  - TwilioVideo (~> 2.6)

SPEC REPOS:
  https://github.com/cocoapods/specs.git:
    - Capacitor
    - CapacitorCordova
    - TwilioVideo

SPEC CHECKSUMS:
  Capacitor: 66a2bdd741e014edf461202c5f7899d4fcc9c185
  CapacitorCordova: 787c1b04319cbcba4b60c24902b1d9068eacf276
  TwilioVideo: a3b58b5a7c5a3271b18c8a481a4f0aa51f79b2c4

PODFILE CHECKSUM: 18eb6d7c46ec30487274fc971b60ff3257b444ec

COCOAPODS: 1.5.3
